
Microsoft Visual Studio Solution File, Format Version 12.00
# Visual Studio Version 17
VisualStudioVersion = 17.14.37012.4
MinimumVisualStudioVersion = 10.0.40219.1
Project("{FAE04EC0-301F-11D3-BF4B-00C04F79EFBC}") = "backend", "backend.csproj", "{73FC1A86-6BCA-4566-8716-BAB6AD0ABA59}"
EndProject
Project("{FAE04EC0-301F-11D3-BF4B-00C04F79EFBC}") = "backend.Tests", "backend.Tests\backend.Tests.csproj", "{FF83EB33-D5C7-425C-A8D9-B1A28676EAAB}"
EndProject
Global
	GlobalSection(SolutionConfigurationPlatforms) = preSolution
		Debug|Any CPU = Debug|Any CPU
		Debug|x64 = Debug|x64
		Debug|x86 = Debug|x86
		Release|Any CPU = Release|Any CPU
		Release|x64 = Release|x64
		Release|x86 = Release|x86
	EndGlobalSection
	GlobalSection(ProjectConfigurationPlatforms) = postSolution
		{73FC1A86-6BCA-4566-8716-BAB6AD0ABA59}.Debug|Any CPU.ActiveCfg = Debug|Any CPU
		{73FC1A86-6BCA-4566-8716-BAB6AD0ABA59}.Debug|Any CPU.Build.0 = Debug|Any CPU
		{73FC1A86-6BCA-4566-8716-BAB6AD0ABA59}.Debug|x64.ActiveCfg = Debug|Any CPU
		{73FC1A86-6BCA-4566-8716-BAB6AD0ABA59}.Debug|x64.Build.0 = Debug|Any CPU
		{73FC1A86-6BCA-4566-8716-BAB6AD0ABA59}.Debug|x86.ActiveCfg = Debug|Any CPU
		{73FC1A86-6BCA-4566-8716-BAB6AD0ABA59}.Debug|x86.Build.0 = Debug|Any CPU
		{73FC1A86-6BCA-4566-8716-BAB6AD0ABA59}.Release|Any CPU.ActiveCfg = Release|Any CPU
		{73FC1A86-6BCA-4566-8716-BAB6AD0ABA59}.Release|Any CPU.Build.0 = Release|Any CPU
		{73FC1A86-6BCA-4566-8716-BAB6AD0ABA59}.Release|x64.ActiveCfg = Release|Any CPU
		{73FC1A86-6BCA-4566-8716-BAB6AD0ABA59}.Release|x64.Build.0 = Release|Any CPU
		{73FC1A86-6BCA-4566-8716-BAB6AD0ABA59}.Release|x86.ActiveCfg = Release|Any CPU
		{73FC1A86-6BCA-4566-8716-BAB6AD0ABA59}.Release|x86.Build.0 = Release|Any CPU
		{FF83EB33-D5C7-425C-A8D9-B1A28676EAAB}.Debug|Any CPU.ActiveCfg = Debug|Any CPU
		{FF83EB33-D5C7-425C-A8D9-B1A28676EAAB}.Debug|Any CPU.Build.0 = Debug|Any CPU
		{FF83EB33-D5C7-425C-A8D9-B1A28676EAAB}.Debug|x64.ActiveCfg = Debug|Any CPU
		{FF83EB33-D5C7-425C-A8D9-B1A28676EAAB}.Debug|x64.Build.0 = Debug|Any CPU
		{FF83EB33-D5C7-425C-A8D9-B1A28676EAAB}.Debug|x86.ActiveCfg = Debug|Any CPU
		{FF83EB33-D5C7-425C-A8D9-B1A28676EAAB}.Debug|x86.Build.0 = Debug|Any CPU
		{FF83EB33-D5C7-425C-A8D9-B1A28676EAAB}.Release|Any CPU.ActiveCfg = Release|Any CPU
		{FF83EB33-D5C7-425C-A8D9-B1A28676EAAB}.Release|Any CPU.Build.0 = Release|Any CPU
		{FF83EB33-D5C7-425C-A8D9-B1A28676EAAB}.Release|x64.ActiveCfg = Release|Any CPU
		{FF83EB33-D5C7-425C-A8D9-B1A28676EAAB}.Release|x64.Build.0 = Release|Any CPU
		{FF83EB33-D5C7-425C-A8D9-B1A28676EAAB}.Release|x86.ActiveCfg = Release|Any CPU
		{FF83EB33-D5C7-425C-A8D9-B1A28676EAAB}.Release|x86.Build.0 = Release|Any CPU
	EndGlobalSection
	GlobalSection(SolutionProperties) = preSolution
		HideSolutionNode = FALSE
	EndGlobalSection
	GlobalSection(ExtensibilityGlobals) = postSolution
		SolutionGuid = {51F81F6A-0387-4A7B-A649-17019AD7D459}
	EndGlobalSection
EndGlobal
